<?xml version="1.0" encoding="utf-8"?>
<Project ToolsVersion="4.0" xmlns="http://schemas.microsoft.com/developer/msbuild/2003">
  <ItemGroup>
    <Filter Include="Source Files">
      <UniqueIdentifier>{4FC737F1-C7A5-4376-A066-2A32D752A2FF}</UniqueIdentifier>
      <Extensions>cpp;c;cc;cxx;def;odl;idl;hpj;bat;asm;asmx</Extensions>
    </Filter>
    <Filter Include="Header Files">
      <UniqueIdentifier>{93995380-89BD-4b04-88EB-625FBE52EBFB}</UniqueIdentifier>
      <Extensions>h;hh;hpp;hxx;hm;inl;inc;xsd</Extensions>
    </Filter>
    <Filter Include="Resource Files">
      <UniqueIdentifier>{67DA6AB6-F800-4c08-8B7A-83BB121AAD01}</UniqueIdentifier>
      <Extensions>rc;ico;cur;bmp;dlg;rc2;rct;bin;rgs;gif;jpg;jpeg;jpe;resx;tiff;tif;png;wav;mfcribbon-ms</Extensions>
    </Filter>
    <Filter Include="Util">
      <UniqueIdentifier>{f442acfa-3a81-4635-9b29-cf416a8688e4}</UniqueIdentifier>
    </Filter>
    <Filter Include="Rendering">
      <UniqueIdentifier>{feaffcfd-ab99-4d47-aba8-7d544d79ef68}</UniqueIdentifier>
    </Filter>
  </ItemGroup>
  <ItemGroup>
    <ClCompile Include="src\ADV_OnCleanup.cpp">
      <Filter>Source Files</Filter>
    </ClCompile>
    <ClCompile Include="src\ADV_OnEvent.cpp">
      <Filter>Source Files</Filter>
    </ClCompile>
    <ClCompile Include="src\ADV_OnInit.cpp">
      <Filter>Source Files</Filter>
    </ClCompile>
    <ClCompile Include="src\ADV_OnLoop.cpp">
      <Filter>Source Files</Filter>
    </ClCompile>
    <ClCompile Include="src\ADV_OnRender.cpp">
      <Filter>Source Files</Filter>
    </ClCompile>
    <ClCompile Include="src\Adventure-Main.cpp">
      <Filter>Source Files</Filter>
    </ClCompile>
    <ClCompile Include="src\CAction.cpp">
      <Filter>Source Files</Filter>
    </ClCompile>
    <ClCompile Include="src\CActionListControl.cpp">
      <Filter>Source Files</Filter>
    </ClCompile>
    <ClCompile Include="src\CAnimate.cpp">
      <Filter>Source Files</Filter>
    </ClCompile>
    <ClCompile Include="src\CArea.cpp">
      <Filter>Source Files</Filter>
    </ClCompile>
    <ClCompile Include="src\CCamera.cpp">
      <Filter>Source Files</Filter>
    </ClCompile>
    <ClCompile Include="src\CEnemy.cpp">
      <Filter>Source Files</Filter>
    </ClCompile>
    <ClCompile Include="src\CEntity.cpp">
      <Filter>Source Files</Filter>
    </ClCompile>
    <ClCompile Include="src\CEvent.cpp">
      <Filter>Source Files</Filter>
    </ClCompile>
    <ClCompile Include="src\CFPS.cpp">
      <Filter>Source Files</Filter>
    </ClCompile>
    <ClCompile Include="src\CInventory.cpp">
      <Filter>Source Files</Filter>
    </ClCompile>
    <ClCompile Include="src\CItem.cpp">
      <Filter>Source Files</Filter>
    </ClCompile>
    <ClCompile Include="src\CMap.cpp">
      <Filter>Source Files</Filter>
    </ClCompile>
    <ClCompile Include="src\CMenu.cpp">
      <Filter>Source Files</Filter>
    </ClCompile>
    <ClCompile Include="src\CMessage.cpp">
      <Filter>Source Files</Filter>
    </ClCompile>
    <ClCompile Include="src\CPlayer.cpp">
      <Filter>Source Files</Filter>
    </ClCompile>
    <ClCompile Include="src\CSurface.cpp">
      <Filter>Source Files</Filter>
    </ClCompile>
    <ClCompile Include="src\CTargeting.cpp">
      <Filter>Source Files</Filter>
    </ClCompile>
    <ClCompile Include="src\CText.cpp">
      <Filter>Source Files</Filter>
    </ClCompile>
    <ClCompile Include="src\GFXMODE.cpp">
      <Filter>Source Files</Filter>
    </ClCompile>
    <ClCompile Include="src\MTile.cpp">
      <Filter>Source Files</Filter>
    </ClCompile>
    <ClCompile Include="src\SItem.cpp">
      <Filter>Source Files</Filter>
    </ClCompile>
    <ClCompile Include="src\CRenderable.cpp">
      <Filter>Source Files</Filter>
    </ClCompile>
    <ClCompile Include="src\Texture.cpp">
      <Filter>Rendering</Filter>
    </ClCompile>
    <ClCompile Include="src\Model.cpp">
      <Filter>Rendering</Filter>
    </ClCompile>
    <ClCompile Include="src\TileSet.cpp">
      <Filter>Util</Filter>
    </ClCompile>
    <ClCompile Include="src\tinyXML\tinyxml2.cpp">
      <Filter>Util</Filter>
    </ClCompile>
    <ClCompile Include="src\CTileSetManager.cpp">
      <Filter>Util</Filter>
    </ClCompile>
  </ItemGroup>
  <ItemGroup>
    <ClInclude Include="src\ADV.h">
      <Filter>Header Files</Filter>
    </ClInclude>
    <ClInclude Include="src\CAction.h">
      <Filter>Header Files</Filter>
    </ClInclude>
    <ClInclude Include="src\CActionListControl.h">
      <Filter>Header Files</Filter>
    </ClInclude>
    <ClInclude Include="src\CAnimate.h">
      <Filter>Header Files</Filter>
    </ClInclude>
    <ClInclude Include="src\CArea.h">
      <Filter>Header Files</Filter>
    </ClInclude>
    <ClInclude Include="src\CCamera.h">
      <Filter>Header Files</Filter>
    </ClInclude>
    <ClInclude Include="src\CEnemy.h">
      <Filter>Header Files</Filter>
    </ClInclude>
    <ClInclude Include="src\CEntity.h">
      <Filter>Header Files</Filter>
    </ClInclude>
    <ClInclude Include="src\CEvent.h">
      <Filter>Header Files</Filter>
    </ClInclude>
    <ClInclude Include="src\CFPS.h">
      <Filter>Header Files</Filter>
    </ClInclude>
    <ClInclude Include="src\CInventory.h">
      <Filter>Header Files</Filter>
    </ClInclude>
    <ClInclude Include="src\CMap.h">
      <Filter>Header Files</Filter>
    </ClInclude>
    <ClInclude Include="src\CMenu.h">
      <Filter>Header Files</Filter>
    </ClInclude>
    <ClInclude Include="src\CMessage.h">
      <Filter>Header Files</Filter>
    </ClInclude>
    <ClInclude Include="src\CPlayer.h">
      <Filter>Header Files</Filter>
    </ClInclude>
    <ClInclude Include="src\CSurface.h">
      <Filter>Header Files</Filter>
    </ClInclude>
    <ClInclude Include="src\CTargeting.h">
      <Filter>Header Files</Filter>
    </ClInclude>
    <ClInclude Include="src\CText.h">
      <Filter>Header Files</Filter>
    </ClInclude>
    <ClInclude Include="src\Define.h">
      <Filter>Header Files</Filter>
    </ClInclude>
    <ClInclude Include="src\GFXMODE.h">
      <Filter>Header Files</Filter>
    </ClInclude>
    <ClInclude Include="src\MTile.h">
      <Filter>Header Files</Filter>
    </ClInclude>
    <ClInclude Include="src\SInvItem.h">
      <Filter>Header Files</Filter>
    </ClInclude>
    <ClInclude Include="src\SItem.h">
      <Filter>Header Files</Filter>
    </ClInclude>
    <ClInclude Include="src\CRenderable.h">
      <Filter>Header Files</Filter>
    </ClInclude>
    <ClInclude Include="src\Log.h">
      <Filter>Util</Filter>
    </ClInclude>
    <ClInclude Include="src\Texture.h">
      <Filter>Rendering</Filter>
    </ClInclude>
    <ClInclude Include="src\Model.h">
      <Filter>Rendering</Filter>
    </ClInclude>
    <ClInclude Include="src\TileSet.h">
      <Filter>Util</Filter>
    </ClInclude>
    <ClInclude Include="src\tinyXML\tinyxml2.h">
      <Filter>Util</Filter>
    </ClInclude>
    <ClInclude Include="src\StringUtils.h">
      <Filter>Util</Filter>
    </ClInclude>
    <ClInclude Include="src\CTileSetManager.h">
      <Filter>Util</Filter>
    </ClInclude>
  </ItemGroup>
</Project>