<?xml version="1.0" encoding="utf-8"?>
<Project ToolsVersion="4.0" xmlns="http://schemas.microsoft.com/developer/msbuild/2003">
  <ItemGroup>
    <Filter Include="Source Files">
      <UniqueIdentifier>{4FC737F1-C7A5-4376-A066-2A32D752A2FF}</UniqueIdentifier>
      <Extensions>cpp;c;cc;cxx;def;odl;idl;hpj;bat;asm;asmx</Extensions>
    </Filter>
    <Filter Include="Header Files">
      <UniqueIdentifier>{93995380-89BD-4b04-88EB-625FBE52EBFB}</UniqueIdentifier>
      <Extensions>h;hpp;hxx;hm;inl;inc;xsd</Extensions>
    </Filter>
    <Filter Include="Resource Files">
      <UniqueIdentifier>{67DA6AB6-F800-4c08-8B7A-83BB121AAD01}</UniqueIdentifier>
      <Extensions>rc;ico;cur;bmp;dlg;rc2;rct;bin;rgs;gif;jpg;jpeg;jpe;resx;tiff;tif;png;wav;mfcribbon-ms</Extensions>
    </Filter>
  </ItemGroup>
  <ItemGroup>
    <ClInclude Include="..\ADV.h">
      <Filter>Header Files</Filter>
    </ClInclude>
    <ClInclude Include="..\CAnimate.h">
      <Filter>Header Files</Filter>
    </ClInclude>
    <ClInclude Include="..\CArea.h">
      <Filter>Header Files</Filter>
    </ClInclude>
    <ClInclude Include="..\CCamera.h">
      <Filter>Header Files</Filter>
    </ClInclude>
    <ClInclude Include="..\CEnemy.h">
      <Filter>Header Files</Filter>
    </ClInclude>
    <ClInclude Include="..\CEntity.h">
      <Filter>Header Files</Filter>
    </ClInclude>
    <ClInclude Include="..\CEvent.h">
      <Filter>Header Files</Filter>
    </ClInclude>
    <ClInclude Include="..\CFPS.h">
      <Filter>Header Files</Filter>
    </ClInclude>
    <ClInclude Include="..\CInventory.h">
      <Filter>Header Files</Filter>
    </ClInclude>
    <ClInclude Include="..\CMap.h">
      <Filter>Header Files</Filter>
    </ClInclude>
    <ClInclude Include="..\CMenu.h">
      <Filter>Header Files</Filter>
    </ClInclude>
    <ClInclude Include="..\CMessage.h">
      <Filter>Header Files</Filter>
    </ClInclude>
    <ClInclude Include="..\CPlayer.h">
      <Filter>Header Files</Filter>
    </ClInclude>
    <ClInclude Include="..\CSurface.h">
      <Filter>Header Files</Filter>
    </ClInclude>
    <ClInclude Include="..\CText.h">
      <Filter>Header Files</Filter>
    </ClInclude>
    <ClInclude Include="..\Define.h">
      <Filter>Header Files</Filter>
    </ClInclude>
    <ClInclude Include="..\GFXMODE.h">
      <Filter>Header Files</Filter>
    </ClInclude>
    <ClInclude Include="..\MTile.h">
      <Filter>Header Files</Filter>
    </ClInclude>
    <ClInclude Include="..\CActionListControl.h">
      <Filter>Header Files</Filter>
    </ClInclude>
    <ClInclude Include="..\CAction.h">
      <Filter>Header Files</Filter>
    </ClInclude>
    <ClInclude Include="..\CTargeting.h">
      <Filter>Header Files</Filter>
    </ClInclude>
    <ClInclude Include="..\SInvItem.h">
      <Filter>Header Files</Filter>
    </ClInclude>
    <ClInclude Include="..\SItem.h">
      <Filter>Header Files</Filter>
    </ClInclude>
  </ItemGroup>
  <ItemGroup>
    <ClCompile Include="..\ADV_OnCleanup.cpp">
      <Filter>Source Files</Filter>
    </ClCompile>
    <ClCompile Include="..\ADV_OnEvent.cpp">
      <Filter>Source Files</Filter>
    </ClCompile>
    <ClCompile Include="..\ADV_OnInit.cpp">
      <Filter>Source Files</Filter>
    </ClCompile>
    <ClCompile Include="..\ADV_OnLoop.cpp">
      <Filter>Source Files</Filter>
    </ClCompile>
    <ClCompile Include="..\ADV_OnRender.cpp">
      <Filter>Source Files</Filter>
    </ClCompile>
    <ClCompile Include="..\Adventure-Main.cpp">
      <Filter>Source Files</Filter>
    </ClCompile>
    <ClCompile Include="..\CAnimate.cpp">
      <Filter>Source Files</Filter>
    </ClCompile>
    <ClCompile Include="..\CArea.cpp">
      <Filter>Source Files</Filter>
    </ClCompile>
    <ClCompile Include="..\CCamera.cpp">
      <Filter>Source Files</Filter>
    </ClCompile>
    <ClCompile Include="..\CEnemy.cpp">
      <Filter>Source Files</Filter>
    </ClCompile>
    <ClCompile Include="..\CEntity.cpp">
      <Filter>Source Files</Filter>
    </ClCompile>
    <ClCompile Include="..\CEvent.cpp">
      <Filter>Source Files</Filter>
    </ClCompile>
    <ClCompile Include="..\CFPS.cpp">
      <Filter>Source Files</Filter>
    </ClCompile>
    <ClCompile Include="..\CInventory.cpp">
      <Filter>Source Files</Filter>
    </ClCompile>
    <ClCompile Include="..\CItem.cpp">
      <Filter>Source Files</Filter>
    </ClCompile>
    <ClCompile Include="..\CMap.cpp">
      <Filter>Source Files</Filter>
    </ClCompile>
    <ClCompile Include="..\CMenu.cpp">
      <Filter>Source Files</Filter>
    </ClCompile>
    <ClCompile Include="..\CMessage.cpp">
      <Filter>Source Files</Filter>
    </ClCompile>
    <ClCompile Include="..\CPlayer.cpp">
      <Filter>Source Files</Filter>
    </ClCompile>
    <ClCompile Include="..\CSurface.cpp">
      <Filter>Source Files</Filter>
    </ClCompile>
    <ClCompile Include="..\CText.cpp">
      <Filter>Source Files</Filter>
    </ClCompile>
    <ClCompile Include="..\GFXMODE.cpp">
      <Filter>Source Files</Filter>
    </ClCompile>
    <ClCompile Include="..\MTile.cpp">
      <Filter>Source Files</Filter>
    </ClCompile>
    <ClCompile Include="..\CActionListControl.cpp">
      <Filter>Source Files</Filter>
    </ClCompile>
    <ClCompile Include="..\CAction.cpp">
      <Filter>Source Files</Filter>
    </ClCompile>
    <ClCompile Include="..\CTargeting.cpp">
      <Filter>Source Files</Filter>
    </ClCompile>
    <ClCompile Include="..\SItem.cpp">
      <Filter>Source Files</Filter>
    </ClCompile>
  </ItemGroup>
</Project>